
Microsoft Visual Studio Solution File, Format Version 12.00
# Visual Studio Version 17
VisualStudioVersion = 17.9.34407.89
MinimumVisualStudioVersion = 10.0.40219.1
Project("{FAE04EC0-301F-11D3-BF4B-00C04F79EFBC}") = "TaskFromApp", "TaskFromApp\TaskFromApp.csproj", "{55131CA1-B6D6-4977-81C6-B56260E22F67}"
EndProject
Project("{9A19103F-16F7-4668-BE54-9A1E7A4F7556}") = "TaskConsoleApp", "TaskConsoleApp\TaskConsoleApp.csproj", "{56134408-A4C3-4DB3-9D29-9FC792CBDC6A}"
EndProject
Project("{9A19103F-16F7-4668-BE54-9A1E7A4F7556}") = "ForEachParallel", "ForEachParallel\ForEachParallel.csproj", "{B3243A86-C2CF-49E4-B3B9-533A97C9A289}"
EndProject
Project("{FAE04EC0-301F-11D3-BF4B-00C04F79EFBC}") = "ForParallel", "ForParallel\ForParallel.csproj", "{18AA1784-3E34-4C52-859F-E9013DB41728}"
EndProject
Project("{FAE04EC0-301F-11D3-BF4B-00C04F79EFBC}") = "ParallelForForEachCancellationFormApp", "ParallelForForEachCancellationFormApp\ParallelForForEachCancellationFormApp.csproj", "{3566A75E-58B3-4A9E-ACC1-4A03313FF460}"
EndProject
Global
	GlobalSection(SolutionConfigurationPlatforms) = preSolution
		Debug|Any CPU = Debug|Any CPU
		Release|Any CPU = Release|Any CPU
	EndGlobalSection
	GlobalSection(ProjectConfigurationPlatforms) = postSolution
		{55131CA1-B6D6-4977-81C6-B56260E22F67}.Debug|Any CPU.ActiveCfg = Debug|Any CPU
		{55131CA1-B6D6-4977-81C6-B56260E22F67}.Debug|Any CPU.Build.0 = Debug|Any CPU
		{55131CA1-B6D6-4977-81C6-B56260E22F67}.Release|Any CPU.ActiveCfg = Release|Any CPU
		{55131CA1-B6D6-4977-81C6-B56260E22F67}.Release|Any CPU.Build.0 = Release|Any CPU
		{56134408-A4C3-4DB3-9D29-9FC792CBDC6A}.Debug|Any CPU.ActiveCfg = Debug|Any CPU
		{56134408-A4C3-4DB3-9D29-9FC792CBDC6A}.Debug|Any CPU.Build.0 = Debug|Any CPU
		{56134408-A4C3-4DB3-9D29-9FC792CBDC6A}.Release|Any CPU.ActiveCfg = Release|Any CPU
		{56134408-A4C3-4DB3-9D29-9FC792CBDC6A}.Release|Any CPU.Build.0 = Release|Any CPU
		{B3243A86-C2CF-49E4-B3B9-533A97C9A289}.Debug|Any CPU.ActiveCfg = Debug|Any CPU
		{B3243A86-C2CF-49E4-B3B9-533A97C9A289}.Debug|Any CPU.Build.0 = Debug|Any CPU
		{B3243A86-C2CF-49E4-B3B9-533A97C9A289}.Release|Any CPU.ActiveCfg = Release|Any CPU
		{B3243A86-C2CF-49E4-B3B9-533A97C9A289}.Release|Any CPU.Build.0 = Release|Any CPU
		{18AA1784-3E34-4C52-859F-E9013DB41728}.Debug|Any CPU.ActiveCfg = Debug|Any CPU
		{18AA1784-3E34-4C52-859F-E9013DB41728}.Debug|Any CPU.Build.0 = Debug|Any CPU
		{18AA1784-3E34-4C52-859F-E9013DB41728}.Release|Any CPU.ActiveCfg = Release|Any CPU
		{18AA1784-3E34-4C52-859F-E9013DB41728}.Release|Any CPU.Build.0 = Release|Any CPU
		{3566A75E-58B3-4A9E-ACC1-4A03313FF460}.Debug|Any CPU.ActiveCfg = Debug|Any CPU
		{3566A75E-58B3-4A9E-ACC1-4A03313FF460}.Debug|Any CPU.Build.0 = Debug|Any CPU
		{3566A75E-58B3-4A9E-ACC1-4A03313FF460}.Release|Any CPU.ActiveCfg = Release|Any CPU
		{3566A75E-58B3-4A9E-ACC1-4A03313FF460}.Release|Any CPU.Build.0 = Release|Any CPU
	EndGlobalSection
	GlobalSection(SolutionProperties) = preSolution
		HideSolutionNode = FALSE
	EndGlobalSection
	GlobalSection(ExtensibilityGlobals) = postSolution
		SolutionGuid = {E351FC7B-9471-4D8C-B59F-62959908BB1A}
	EndGlobalSection
EndGlobal
